// !$*UTF8*$!
{
	archiveVersion = 1;
	classes = {
	};
	objectVersion = 46;
	objects = {

/* Begin PBXBuildFile section */
		05FCC018117CC18D008521DB /* AbstractTrailSpace.h in Headers */ = {isa = PBXBuildFile; fileRef = 05FCC012117CC18D008521DB /* AbstractTrailSpace.h */; };
		05FCC019117CC18D008521DB /* AbstractTrailSpace.m in Sources */ = {isa = PBXBuildFile; fileRef = 05FCC013117CC18D008521DB /* AbstractTrailSpace.m */; };
		05FCC01A117CC18D008521DB /* Bitmap.h in Headers */ = {isa = PBXBuildFile; fileRef = 05FCC014117CC18D008521DB /* Bitmap.h */; };
		05FCC01B117CC18D008521DB /* Bitmap.m in Sources */ = {isa = PBXBuildFile; fileRef = 05FCC015117CC18D008521DB /* Bitmap.m */; };
		05FCC01C117CC18D008521DB /* BubblesTrailSpace.h in Headers */ = {isa = PBXBuildFile; fileRef = 05FCC016117CC18D008521DB /* BubblesTrailSpace.h */; };
		05FCC01D117CC18D008521DB /* BubblesTrailSpace.m in Sources */ = {isa = PBXBuildFile; fileRef = 05FCC017117CC18D008521DB /* BubblesTrailSpace.m */; };
		05FCC020117CC196008521DB /* CartesianTrailSpace.h in Headers */ = {isa = PBXBuildFile; fileRef = 05FCC01E117CC195008521DB /* CartesianTrailSpace.h */; };
		05FCC021117CC196008521DB /* CartesianTrailSpace.m in Sources */ = {isa = PBXBuildFile; fileRef = 05FCC01F117CC196008521DB /* CartesianTrailSpace.m */; };
		05FCC024117CC19E008521DB /* FullScreenRadialTrailSpace.h in Headers */ = {isa = PBXBuildFile; fileRef = 05FCC022117CC19E008521DB /* FullScreenRadialTrailSpace.h */; };
		05FCC025117CC19E008521DB /* FullScreenRadialTrailSpace.m in Sources */ = {isa = PBXBuildFile; fileRef = 05FCC023117CC19E008521DB /* FullScreenRadialTrailSpace.m */; };
		05FCC02E117CC1A9008521DB /* RadialTrailSpace.h in Headers */ = {isa = PBXBuildFile; fileRef = 05FCC028117CC1A9008521DB /* RadialTrailSpace.h */; };
		05FCC02F117CC1A9008521DB /* RadialTrailSpace.m in Sources */ = {isa = PBXBuildFile; fileRef = 05FCC029117CC1A9008521DB /* RadialTrailSpace.m */; };
		05FCC030117CC1A9008521DB /* ShuffleTrailSpace.h in Headers */ = {isa = PBXBuildFile; fileRef = 05FCC02A117CC1A9008521DB /* ShuffleTrailSpace.h */; };
		05FCC031117CC1A9008521DB /* ShuffleTrailSpace.m in Sources */ = {isa = PBXBuildFile; fileRef = 05FCC02B117CC1A9008521DB /* ShuffleTrailSpace.m */; };
		05FCC03C117CC1B6008521DB /* Trail.h in Headers */ = {isa = PBXBuildFile; fileRef = 05FCC032117CC1B6008521DB /* Trail.h */; };
		05FCC03D117CC1B6008521DB /* Trail.m in Sources */ = {isa = PBXBuildFile; fileRef = 05FCC033117CC1B6008521DB /* Trail.m */; };
		05FCC03E117CC1B6008521DB /* TrailDelta.h in Headers */ = {isa = PBXBuildFile; fileRef = 05FCC034117CC1B6008521DB /* TrailDelta.h */; };
		05FCC03F117CC1B6008521DB /* TrailDelta.m in Sources */ = {isa = PBXBuildFile; fileRef = 05FCC035117CC1B6008521DB /* TrailDelta.m */; };
		05FCC040117CC1B6008521DB /* TrailSegment.h in Headers */ = {isa = PBXBuildFile; fileRef = 05FCC036117CC1B6008521DB /* TrailSegment.h */; };
		05FCC041117CC1B6008521DB /* TrailSegment.m in Sources */ = {isa = PBXBuildFile; fileRef = 05FCC037117CC1B6008521DB /* TrailSegment.m */; };
		05FCC044117CC1B6008521DB /* TrianglesTrailSpace.h in Headers */ = {isa = PBXBuildFile; fileRef = 05FCC03A117CC1B6008521DB /* TrianglesTrailSpace.h */; };
		05FCC045117CC1B6008521DB /* TrianglesTrailSpace.m in Sources */ = {isa = PBXBuildFile; fileRef = 05FCC03B117CC1B6008521DB /* TrianglesTrailSpace.m */; };
		05FCC129117CCB86008521DB /* Options.nib in Resources */ = {isa = PBXBuildFile; fileRef = 05FCC127117CCB86008521DB /* Options.nib */; };
		8D255AC70486D3F9007BF209 /* NickEffect_Prefix.pch in Headers */ = {isa = PBXBuildFile; fileRef = 32DBCFA80370C50100C91783 /* NickEffect_Prefix.pch */; };
		8D255AC80486D3F9007BF209 /* NickEffectView.h in Headers */ = {isa = PBXBuildFile; fileRef = F50079790118B23001CA0E54 /* NickEffectView.h */; };
		8D255ACA0486D3F9007BF209 /* InfoPlist.strings in Resources */ = {isa = PBXBuildFile; fileRef = 089C167DFE841241C02AAC07 /* InfoPlist.strings */; };
		8D255ACC0486D3F9007BF209 /* NickEffectView.m in Sources */ = {isa = PBXBuildFile; fileRef = F500797A0118B23001CA0E54 /* NickEffectView.m */; };
		8D255ACE0486D3F9007BF209 /* Cocoa.framework in Frameworks */ = {isa = PBXBuildFile; fileRef = 1058C7ADFEA557BF11CA2CBB /* Cocoa.framework */; };
		8D255ACF0486D3F9007BF209 /* ScreenSaver.framework in Frameworks */ = {isa = PBXBuildFile; fileRef = 06F27B2DFFEEEFEF11CA0E56 /* ScreenSaver.framework */; };
/* End PBXBuildFile section */

/* Begin PBXFileReference section */
		05FCC012117CC18D008521DB /* AbstractTrailSpace.h */ = {isa = PBXFileReference; fileEncoding = 4; lastKnownFileType = sourcecode.c.h; path = AbstractTrailSpace.h; sourceTree = "<group>"; };
		05FCC013117CC18D008521DB /* AbstractTrailSpace.m */ = {isa = PBXFileReference; fileEncoding = 4; lastKnownFileType = sourcecode.c.objc; path = AbstractTrailSpace.m; sourceTree = "<group>"; };
		05FCC014117CC18D008521DB /* Bitmap.h */ = {isa = PBXFileReference; fileEncoding = 4; lastKnownFileType = sourcecode.c.h; path = Bitmap.h; sourceTree = "<group>"; };
		05FCC015117CC18D008521DB /* Bitmap.m */ = {isa = PBXFileReference; fileEncoding = 4; lastKnownFileType = sourcecode.c.objc; path = Bitmap.m; sourceTree = "<group>"; };
		05FCC016117CC18D008521DB /* BubblesTrailSpace.h */ = {isa = PBXFileReference; fileEncoding = 4; lastKnownFileType = sourcecode.c.h; path = BubblesTrailSpace.h; sourceTree = "<group>"; };
		05FCC017117CC18D008521DB /* BubblesTrailSpace.m */ = {isa = PBXFileReference; fileEncoding = 4; lastKnownFileType = sourcecode.c.objc; path = BubblesTrailSpace.m; sourceTree = "<group>"; };
		05FCC01E117CC195008521DB /* CartesianTrailSpace.h */ = {isa = PBXFileReference; fileEncoding = 4; lastKnownFileType = sourcecode.c.h; path = CartesianTrailSpace.h; sourceTree = "<group>"; };
		05FCC01F117CC196008521DB /* CartesianTrailSpace.m */ = {isa = PBXFileReference; fileEncoding = 4; lastKnownFileType = sourcecode.c.objc; path = CartesianTrailSpace.m; sourceTree = "<group>"; };
		05FCC022117CC19E008521DB /* FullScreenRadialTrailSpace.h */ = {isa = PBXFileReference; fileEncoding = 4; lastKnownFileType = sourcecode.c.h; path = FullScreenRadialTrailSpace.h; sourceTree = "<group>"; };
		05FCC023117CC19E008521DB /* FullScreenRadialTrailSpace.m */ = {isa = PBXFileReference; fileEncoding = 4; lastKnownFileType = sourcecode.c.objc; path = FullScreenRadialTrailSpace.m; sourceTree = "<group>"; };
		05FCC028117CC1A9008521DB /* RadialTrailSpace.h */ = {isa = PBXFileReference; fileEncoding = 4; lastKnownFileType = sourcecode.c.h; path = RadialTrailSpace.h; sourceTree = "<group>"; };
		05FCC029117CC1A9008521DB /* RadialTrailSpace.m */ = {isa = PBXFileReference; fileEncoding = 4; lastKnownFileType = sourcecode.c.objc; path = RadialTrailSpace.m; sourceTree = "<group>"; };
		05FCC02A117CC1A9008521DB /* ShuffleTrailSpace.h */ = {isa = PBXFileReference; fileEncoding = 4; lastKnownFileType = sourcecode.c.h; path = ShuffleTrailSpace.h; sourceTree = "<group>"; };
		05FCC02B117CC1A9008521DB /* ShuffleTrailSpace.m */ = {isa = PBXFileReference; fileEncoding = 4; lastKnownFileType = sourcecode.c.objc; path = ShuffleTrailSpace.m; sourceTree = "<group>"; };
		05FCC032117CC1B6008521DB /* Trail.h */ = {isa = PBXFileReference; fileEncoding = 4; lastKnownFileType = sourcecode.c.h; path = Trail.h; sourceTree = "<group>"; };
		05FCC033117CC1B6008521DB /* Trail.m */ = {isa = PBXFileReference; fileEncoding = 4; lastKnownFileType = sourcecode.c.objc; path = Trail.m; sourceTree = "<group>"; };
		05FCC034117CC1B6008521DB /* TrailDelta.h */ = {isa = PBXFileReference; fileEncoding = 4; lastKnownFileType = sourcecode.c.h; path = TrailDelta.h; sourceTree = "<group>"; };
		05FCC035117CC1B6008521DB /* TrailDelta.m */ = {isa = PBXFileReference; fileEncoding = 4; lastKnownFileType = sourcecode.c.objc; path = TrailDelta.m; sourceTree = "<group>"; };
		05FCC036117CC1B6008521DB /* TrailSegment.h */ = {isa = PBXFileReference; fileEncoding = 4; lastKnownFileType = sourcecode.c.h; path = TrailSegment.h; sourceTree = "<group>"; };
		05FCC037117CC1B6008521DB /* TrailSegment.m */ = {isa = PBXFileReference; fileEncoding = 4; lastKnownFileType = sourcecode.c.objc; path = TrailSegment.m; sourceTree = "<group>"; };
		05FCC03A117CC1B6008521DB /* TrianglesTrailSpace.h */ = {isa = PBXFileReference; fileEncoding = 4; lastKnownFileType = sourcecode.c.h; path = TrianglesTrailSpace.h; sourceTree = "<group>"; };
		05FCC03B117CC1B6008521DB /* TrianglesTrailSpace.m */ = {isa = PBXFileReference; fileEncoding = 4; lastKnownFileType = sourcecode.c.objc; path = TrianglesTrailSpace.m; sourceTree = "<group>"; };
		05FCC128117CCB86008521DB /* English */ = {isa = PBXFileReference; lastKnownFileType = wrapper.nib; name = English; path = English.lproj/Options.nib; sourceTree = "<group>"; };
		06F27B2DFFEEEFEF11CA0E56 /* ScreenSaver.framework */ = {isa = PBXFileReference; lastKnownFileType = wrapper.framework; name = ScreenSaver.framework; path = /System/Library/Frameworks/ScreenSaver.framework; sourceTree = "<absolute>"; };
		089C1672FE841209C02AAC07 /* Foundation.framework */ = {isa = PBXFileReference; lastKnownFileType = wrapper.framework; name = Foundation.framework; path = /System/Library/Frameworks/Foundation.framework; sourceTree = "<absolute>"; };
		089C167EFE841241C02AAC07 /* English */ = {isa = PBXFileReference; fileEncoding = 10; lastKnownFileType = text.plist.strings; name = English; path = English.lproj/InfoPlist.strings; sourceTree = "<group>"; };
		089C167FFE841241C02AAC07 /* AppKit.framework */ = {isa = PBXFileReference; lastKnownFileType = wrapper.framework; name = AppKit.framework; path = /System/Library/Frameworks/AppKit.framework; sourceTree = "<absolute>"; };
		1058C7ADFEA557BF11CA2CBB /* Cocoa.framework */ = {isa = PBXFileReference; lastKnownFileType = wrapper.framework; name = Cocoa.framework; path = /System/Library/Frameworks/Cocoa.framework; sourceTree = "<absolute>"; };
		32DBCFA80370C50100C91783 /* NickEffect_Prefix.pch */ = {isa = PBXFileReference; fileEncoding = 4; lastKnownFileType = sourcecode.c.h; path = NickEffect_Prefix.pch; sourceTree = "<group>"; };
		8D255AD20486D3F9007BF209 /* Info.plist */ = {isa = PBXFileReference; fileEncoding = 4; lastKnownFileType = text.plist; path = Info.plist; sourceTree = "<group>"; };
		8D255AD30486D3F9007BF209 /* NickEffect.saver */ = {isa = PBXFileReference; explicitFileType = wrapper.cfbundle; includeInIndex = 0; path = NickEffect.saver; sourceTree = BUILT_PRODUCTS_DIR; };
		F50079790118B23001CA0E54 /* NickEffectView.h */ = {isa = PBXFileReference; fileEncoding = 4; lastKnownFileType = sourcecode.c.h; path = NickEffectView.h; sourceTree = "<group>"; };
		F500797A0118B23001CA0E54 /* NickEffectView.m */ = {isa = PBXFileReference; fileEncoding = 4; lastKnownFileType = sourcecode.c.objc; path = NickEffectView.m; sourceTree = "<group>"; };
/* End PBXFileReference section */

/* Begin PBXFrameworksBuildPhase section */
		8D255ACD0486D3F9007BF209 /* Frameworks */ = {
			isa = PBXFrameworksBuildPhase;
			buildActionMask = 2147483647;
			files = (
				8D255ACE0486D3F9007BF209 /* Cocoa.framework in Frameworks */,
				8D255ACF0486D3F9007BF209 /* ScreenSaver.framework in Frameworks */,
			);
			runOnlyForDeploymentPostprocessing = 0;
		};
/* End PBXFrameworksBuildPhase section */

/* Begin PBXGroup section */
		089C166AFE841209C02AAC07 /* NickEffect */ = {
			isa = PBXGroup;
			children = (
				08FB77AFFE84173DC02AAC07 /* Classes */,
				32DBCFA70370C4F300C91783 /* Other Sources */,
				089C167CFE841241C02AAC07 /* Resources */,
				089C1671FE841209C02AAC07 /* Frameworks and Libraries */,
				19C28FB8FE9D52D311CA2CBB /* Products */,
			);
			name = NickEffect;
			sourceTree = "<group>";
		};
		089C1671FE841209C02AAC07 /* Frameworks and Libraries */ = {
			isa = PBXGroup;
			children = (
				1058C7ACFEA557BF11CA2CBB /* Linked Frameworks */,
				1058C7AEFEA557BF11CA2CBB /* Other Frameworks */,
			);
			name = "Frameworks and Libraries";
			sourceTree = "<group>";
		};
		089C167CFE841241C02AAC07 /* Resources */ = {
			isa = PBXGroup;
			children = (
				05FCC127117CCB86008521DB /* Options.nib */,
				8D255AD20486D3F9007BF209 /* Info.plist */,
				089C167DFE841241C02AAC07 /* InfoPlist.strings */,
			);
			name = Resources;
			sourceTree = "<group>";
		};
		08FB77AFFE84173DC02AAC07 /* Classes */ = {
			isa = PBXGroup;
			children = (
				05FCC032117CC1B6008521DB /* Trail.h */,
				05FCC033117CC1B6008521DB /* Trail.m */,
				05FCC034117CC1B6008521DB /* TrailDelta.h */,
				05FCC035117CC1B6008521DB /* TrailDelta.m */,
				05FCC036117CC1B6008521DB /* TrailSegment.h */,
				05FCC037117CC1B6008521DB /* TrailSegment.m */,
				05FCC03A117CC1B6008521DB /* TrianglesTrailSpace.h */,
				05FCC03B117CC1B6008521DB /* TrianglesTrailSpace.m */,
				05FCC028117CC1A9008521DB /* RadialTrailSpace.h */,
				05FCC029117CC1A9008521DB /* RadialTrailSpace.m */,
				05FCC02A117CC1A9008521DB /* ShuffleTrailSpace.h */,
				05FCC02B117CC1A9008521DB /* ShuffleTrailSpace.m */,
				05FCC022117CC19E008521DB /* FullScreenRadialTrailSpace.h */,
				05FCC023117CC19E008521DB /* FullScreenRadialTrailSpace.m */,
				05FCC01E117CC195008521DB /* CartesianTrailSpace.h */,
				05FCC01F117CC196008521DB /* CartesianTrailSpace.m */,
				05FCC012117CC18D008521DB /* AbstractTrailSpace.h */,
				05FCC013117CC18D008521DB /* AbstractTrailSpace.m */,
				05FCC014117CC18D008521DB /* Bitmap.h */,
				05FCC015117CC18D008521DB /* Bitmap.m */,
				05FCC016117CC18D008521DB /* BubblesTrailSpace.h */,
				05FCC017117CC18D008521DB /* BubblesTrailSpace.m */,
				F50079790118B23001CA0E54 /* NickEffectView.h */,
				F500797A0118B23001CA0E54 /* NickEffectView.m */,
			);
			name = Classes;
			sourceTree = "<group>";
		};
		1058C7ACFEA557BF11CA2CBB /* Linked Frameworks */ = {
			isa = PBXGroup;
			children = (
				1058C7ADFEA557BF11CA2CBB /* Cocoa.framework */,
				06F27B2DFFEEEFEF11CA0E56 /* ScreenSaver.framework */,
			);
			name = "Linked Frameworks";
			sourceTree = "<group>";
		};
		1058C7AEFEA557BF11CA2CBB /* Other Frameworks */ = {
			isa = PBXGroup;
			children = (
				089C1672FE841209C02AAC07 /* Foundation.framework */,
				089C167FFE841241C02AAC07 /* AppKit.framework */,
			);
			name = "Other Frameworks";
			sourceTree = "<group>";
		};
		19C28FB8FE9D52D311CA2CBB /* Products */ = {
			isa = PBXGroup;
			children = (
				8D255AD30486D3F9007BF209 /* NickEffect.saver */,
			);
			name = Products;
			sourceTree = "<group>";
		};
		32DBCFA70370C4F300C91783 /* Other Sources */ = {
			isa = PBXGroup;
			children = (
				32DBCFA80370C50100C91783 /* NickEffect_Prefix.pch */,
			);
			name = "Other Sources";
			sourceTree = "<group>";
		};
/* End PBXGroup section */

/* Begin PBXHeadersBuildPhase section */
		8D255AC60486D3F9007BF209 /* Headers */ = {
			isa = PBXHeadersBuildPhase;
			buildActionMask = 2147483647;
			files = (
				8D255AC70486D3F9007BF209 /* NickEffect_Prefix.pch in Headers */,
				8D255AC80486D3F9007BF209 /* NickEffectView.h in Headers */,
				05FCC018117CC18D008521DB /* AbstractTrailSpace.h in Headers */,
				05FCC01A117CC18D008521DB /* Bitmap.h in Headers */,
				05FCC01C117CC18D008521DB /* BubblesTrailSpace.h in Headers */,
				05FCC020117CC196008521DB /* CartesianTrailSpace.h in Headers */,
				05FCC024117CC19E008521DB /* FullScreenRadialTrailSpace.h in Headers */,
				05FCC02E117CC1A9008521DB /* RadialTrailSpace.h in Headers */,
				05FCC030117CC1A9008521DB /* ShuffleTrailSpace.h in Headers */,
				05FCC03C117CC1B6008521DB /* Trail.h in Headers */,
				05FCC03E117CC1B6008521DB /* TrailDelta.h in Headers */,
				05FCC040117CC1B6008521DB /* TrailSegment.h in Headers */,
				05FCC044117CC1B6008521DB /* TrianglesTrailSpace.h in Headers */,
			);
			runOnlyForDeploymentPostprocessing = 0;
		};
/* End PBXHeadersBuildPhase section */

/* Begin PBXNativeTarget section */
		8D255AC50486D3F9007BF209 /* NickEffect */ = {
			isa = PBXNativeTarget;
			buildConfigurationList = EF7AD72D08BB986600CE4634 /* Build configuration list for PBXNativeTarget "NickEffect" */;
			buildPhases = (
				8D255AC60486D3F9007BF209 /* Headers */,
				8D255AC90486D3F9007BF209 /* Resources */,
				8D255ACB0486D3F9007BF209 /* Sources */,
				8D255ACD0486D3F9007BF209 /* Frameworks */,
				8D255AD00486D3F9007BF209 /* Rez */,
			);
			buildRules = (
			);
			dependencies = (
			);
			name = NickEffect;
			productInstallPath = "$(HOME)/Library/Screen Savers";
			productName = NickEffect;
			productReference = 8D255AD30486D3F9007BF209 /* NickEffect.saver */;
			productType = "com.apple.product-type.bundle";
		};
/* End PBXNativeTarget section */

/* Begin PBXProject section */
		089C1669FE841209C02AAC07 /* Project object */ = {
			isa = PBXProject;
			attributes = {
				LastUpgradeCheck = 0610;
			};
			buildConfigurationList = EF7AD73108BB986600CE4634 /* Build configuration list for PBXProject "NickEffect" */;
			compatibilityVersion = "Xcode 3.2";
			developmentRegion = English;
			hasScannedForEncodings = 1;
			knownRegions = (
				English,
				Japanese,
				French,
				German,
			);
			mainGroup = 089C166AFE841209C02AAC07 /* NickEffect */;
			projectDirPath = "";
			projectRoot = "";
			targets = (
				8D255AC50486D3F9007BF209 /* NickEffect */,
			);
		};
/* End PBXProject section */

/* Begin PBXResourcesBuildPhase section */
		8D255AC90486D3F9007BF209 /* Resources */ = {
			isa = PBXResourcesBuildPhase;
			buildActionMask = 2147483647;
			files = (
				8D255ACA0486D3F9007BF209 /* InfoPlist.strings in Resources */,
				05FCC129117CCB86008521DB /* Options.nib in Resources */,
			);
			runOnlyForDeploymentPostprocessing = 0;
		};
/* End PBXResourcesBuildPhase section */

/* Begin PBXRezBuildPhase section */
		8D255AD00486D3F9007BF209 /* Rez */ = {
			isa = PBXRezBuildPhase;
			buildActionMask = 2147483647;
			files = (
			);
			runOnlyForDeploymentPostprocessing = 0;
		};
/* End PBXRezBuildPhase section */

/* Begin PBXSourcesBuildPhase section */
		8D255ACB0486D3F9007BF209 /* Sources */ = {
			isa = PBXSourcesBuildPhase;
			buildActionMask = 2147483647;
			files = (
				8D255ACC0486D3F9007BF209 /* NickEffectView.m in Sources */,
				05FCC019117CC18D008521DB /* AbstractTrailSpace.m in Sources */,
				05FCC01B117CC18D008521DB /* Bitmap.m in Sources */,
				05FCC01D117CC18D008521DB /* BubblesTrailSpace.m in Sources */,
				05FCC021117CC196008521DB /* CartesianTrailSpace.m in Sources */,
				05FCC025117CC19E008521DB /* FullScreenRadialTrailSpace.m in Sources */,
				05FCC02F117CC1A9008521DB /* RadialTrailSpace.m in Sources */,
				05FCC031117CC1A9008521DB /* ShuffleTrailSpace.m in Sources */,
				05FCC03D117CC1B6008521DB /* Trail.m in Sources */,
				05FCC03F117CC1B6008521DB /* TrailDelta.m in Sources */,
				05FCC041117CC1B6008521DB /* TrailSegment.m in Sources */,
				05FCC045117CC1B6008521DB /* TrianglesTrailSpace.m in Sources */,
			);
			runOnlyForDeploymentPostprocessing = 0;
		};
/* End PBXSourcesBuildPhase section */

/* Begin PBXVariantGroup section */
		05FCC127117CCB86008521DB /* Options.nib */ = {
			isa = PBXVariantGroup;
			children = (
				05FCC128117CCB86008521DB /* English */,
			);
			name = Options.nib;
			sourceTree = "<group>";
		};
		089C167DFE841241C02AAC07 /* InfoPlist.strings */ = {
			isa = PBXVariantGroup;
			children = (
				089C167EFE841241C02AAC07 /* English */,
			);
			name = InfoPlist.strings;
			sourceTree = "<group>";
		};
/* End PBXVariantGroup section */

/* Begin XCBuildConfiguration section */
		EF7AD72E08BB986600CE4634 /* Debug */ = {
			isa = XCBuildConfiguration;
			buildSettings = {
				CLANG_ENABLE_OBJC_ARC = YES;
				COMBINE_HIDPI_IMAGES = YES;
				GCC_DYNAMIC_NO_PIC = NO;
				GCC_ENABLE_FIX_AND_CONTINUE = YES;
				GCC_ENABLE_OBJC_GC = unsupported;
				GCC_MODEL_TUNING = G5;
				GCC_OPTIMIZATION_LEVEL = 0;
				GCC_PRECOMPILE_PREFIX_HEADER = YES;
				GCC_PREFIX_HEADER = NickEffect_Prefix.pch;
				INFOPLIST_FILE = Info.plist;
				INSTALL_PATH = "$(HOME)/Library/Screen Savers";
				PRODUCT_NAME = NickEffect;
				WRAPPER_EXTENSION = saver;
				ZERO_LINK = YES;
			};
			name = Debug;
		};
		EF7AD72F08BB986600CE4634 /* Release */ = {
			isa = XCBuildConfiguration;
			buildSettings = {
				CLANG_ENABLE_OBJC_ARC = YES;
				COMBINE_HIDPI_IMAGES = YES;
				DEBUG_INFORMATION_FORMAT = "dwarf-with-dsym";
				GCC_ENABLE_OBJC_GC = unsupported;
				GCC_MODEL_TUNING = G5;
				GCC_PRECOMPILE_PREFIX_HEADER = YES;
				GCC_PREFIX_HEADER = NickEffect_Prefix.pch;
				INFOPLIST_FILE = Info.plist;
				INSTALL_PATH = "$(HOME)/Library/Screen Savers";
				PRODUCT_NAME = NickEffect;
				WRAPPER_EXTENSION = saver;
			};
			name = Release;
		};
		EF7AD73208BB986600CE4634 /* Debug */ = {
			isa = XCBuildConfiguration;
			buildSettings = {
				GCC_C_LANGUAGE_STANDARD = gnu99;
				GCC_ENABLE_OBJC_GC = supported;
				GCC_WARN_ABOUT_RETURN_TYPE = YES;
				GCC_WARN_UNUSED_VARIABLE = YES;
				MACOSX_DEPLOYMENT_TARGET = 10.8;
				ONLY_ACTIVE_ARCH = YES;
				PREBINDING = NO;
				SDKROOT = macosx;
			};
			name = Debug;
		};
		EF7AD73308BB986600CE4634 /* Release */ = {
			isa = XCBuildConfiguration;
			buildSettings = {
				GCC_C_LANGUAGE_STANDARD = gnu99;
				GCC_ENABLE_OBJC_GC = supported;
				GCC_WARN_ABOUT_RETURN_TYPE = YES;
				GCC_WARN_UNUSED_VARIABLE = YES;
				MACOSX_DEPLOYMENT_TARGET = 10.8;
				PREBINDING = NO;
				SDKROOT = macosx;
			};
			name = Release;
		};
/* End XCBuildConfiguration section */

/* Begin XCConfigurationList section */
		EF7AD72D08BB986600CE4634 /* Build configuration list for PBXNativeTarget "NickEffect" */ = {
			isa = XCConfigurationList;
			buildConfigurations = (
				EF7AD72E08BB986600CE4634 /* Debug */,
				EF7AD72F08BB986600CE4634 /* Release */,
			);
			defaultConfigurationIsVisible = 0;
			defaultConfigurationName = Release;
		};
		EF7AD73108BB986600CE4634 /* Build configuration list for PBXProject "NickEffect" */ = {
			isa = XCConfigurationList;
			buildConfigurations = (
				EF7AD73208BB986600CE4634 /* Debug */,
				EF7AD73308BB986600CE4634 /* Release */,
			);
			defaultConfigurationIsVisible = 0;
			defaultConfigurationName = Release;
		};
/* End XCConfigurationList section */
	};
	rootObject = 089C1669FE841209C02AAC07 /* Project object */;
}
